# THIS IS AN AUTOGENERATED FILE. DO NOT EDIT THIS FILE DIRECTLY.
# yarn lockfile v1


balanced-match@^2.0.0:
  version "2.0.0"
  resolved "https://registry.yarnpkg.com/balanced-match/-/balanced-match-2.0.0.tgz#dc70f920d78db8b858535795867bf48f820633d9"
  integrity sha512-1ugUSr8BHXRnK23KfuYS+gVMC3LB8QGH9W1iGtDPsNWoQbgtXSExkBu2aDR4epiGWZOjZsj6lDl/N/AqqTC3UA==
